PODS:
  - AGVolumeControlView (0.2.2)

DEPENDENCIES:
  - AGVolumeControlView (from `../`)

EXTERNAL SOURCES:
  AGVolumeControlView:
    :path: "../"

SPEC CHECKSUMS:
  AGVolumeControlView: 122bd696130b97bc020e85a5f1dd42b84e8ebf9c

PODFILE CHECKSUM: fd091dedd20f3ff168f1d66a05d8360009b1fab5

COCOAPODS: 1.8.4
