PODS:
  - AGVolumeControlView (0.2.0)

DEPENDENCIES:
  - AGVolumeControlView (from `../`)

EXTERNAL SOURCES:
  AGVolumeControlView:
    :path: "../"

SPEC CHECKSUMS:
  AGVolumeControlView: c8face0d64babad423287167f2b93e2d99f9a944

PODFILE CHECKSUM: fd091dedd20f3ff168f1d66a05d8360009b1fab5

COCOAPODS: 1.8.4
